
Microsoft Visual Studio Solution File, Format Version 12.00
# Visual Studio 15
VisualStudioVersion = 15.0.28307.1800
MinimumVisualStudioVersion = 10.0.40219.1
Project("{8BC9CEB8-8B4A-11D0-8D11-00A0C91BC942}") = "week8_3", "week8_3\week8_3.vcxproj", "{84FF0F72-E73F-4F91-8CF2-6A8F371D0BBD}"
EndProject
Global
	GlobalSection(SolutionConfigurationPlatforms) = preSolution
		Debug|x64 = Debug|x64
		Debug|x86 = Debug|x86
		Release|x64 = Release|x64
		Release|x86 = Release|x86
	EndGlobalSection
	GlobalSection(ProjectConfigurationPlatforms) = postSolution
		{84FF0F72-E73F-4F91-8CF2-6A8F371D0BBD}.Debug|x64.ActiveCfg = Debug|x64
		{84FF0F72-E73F-4F91-8CF2-6A8F371D0BBD}.Debug|x64.Build.0 = Debug|x64
		{84FF0F72-E73F-4F91-8CF2-6A8F371D0BBD}.Debug|x86.ActiveCfg = Debug|Win32
		{84FF0F72-E73F-4F91-8CF2-6A8F371D0BBD}.Debug|x86.Build.0 = Debug|Win32
		{84FF0F72-E73F-4F91-8CF2-6A8F371D0BBD}.Release|x64.ActiveCfg = Release|x64
		{84FF0F72-E73F-4F91-8CF2-6A8F371D0BBD}.Release|x64.Build.0 = Release|x64
		{84FF0F72-E73F-4F91-8CF2-6A8F371D0BBD}.Release|x86.ActiveCfg = Release|Win32
		{84FF0F72-E73F-4F91-8CF2-6A8F371D0BBD}.Release|x86.Build.0 = Release|Win32
	EndGlobalSection
	GlobalSection(SolutionProperties) = preSolution
		HideSolutionNode = FALSE
	EndGlobalSection
	GlobalSection(ExtensibilityGlobals) = postSolution
		SolutionGuid = {5AC60420-8049-447B-92A8-6AB982104AC7}
	EndGlobalSection
EndGlobal
