
Microsoft Visual Studio Solution File, Format Version 12.00
# Visual Studio 15
VisualStudioVersion = 15.0.28307.1800
MinimumVisualStudioVersion = 10.0.40219.1
Project("{8BC9CEB8-8B4A-11D0-8D11-00A0C91BC942}") = "week9_2", "week9_2\week9_2.vcxproj", "{4DAD7C57-F836-4586-A498-7F648E65EFA3}"
EndProject
Global
	GlobalSection(SolutionConfigurationPlatforms) = preSolution
		Debug|x64 = Debug|x64
		Debug|x86 = Debug|x86
		Release|x64 = Release|x64
		Release|x86 = Release|x86
	EndGlobalSection
	GlobalSection(ProjectConfigurationPlatforms) = postSolution
		{4DAD7C57-F836-4586-A498-7F648E65EFA3}.Debug|x64.ActiveCfg = Debug|x64
		{4DAD7C57-F836-4586-A498-7F648E65EFA3}.Debug|x64.Build.0 = Debug|x64
		{4DAD7C57-F836-4586-A498-7F648E65EFA3}.Debug|x86.ActiveCfg = Debug|Win32
		{4DAD7C57-F836-4586-A498-7F648E65EFA3}.Debug|x86.Build.0 = Debug|Win32
		{4DAD7C57-F836-4586-A498-7F648E65EFA3}.Release|x64.ActiveCfg = Release|x64
		{4DAD7C57-F836-4586-A498-7F648E65EFA3}.Release|x64.Build.0 = Release|x64
		{4DAD7C57-F836-4586-A498-7F648E65EFA3}.Release|x86.ActiveCfg = Release|Win32
		{4DAD7C57-F836-4586-A498-7F648E65EFA3}.Release|x86.Build.0 = Release|Win32
	EndGlobalSection
	GlobalSection(SolutionProperties) = preSolution
		HideSolutionNode = FALSE
	EndGlobalSection
	GlobalSection(ExtensibilityGlobals) = postSolution
		SolutionGuid = {4BD36AC9-4E13-4AC9-BD73-53835682E4D7}
	EndGlobalSection
EndGlobal
